
Microsoft Visual Studio Solution File, Format Version 12.00
# Visual Studio 14
VisualStudioVersion = 14.0.25420.1
MinimumVisualStudioVersion = 10.0.40219.1
Project("{FAE04EC0-301F-11D3-BF4B-00C04F79EFBC}") = "KasLab.FindPairs.Console", "KasLab.FindPairs.Console\KasLab.FindPairs.Console.csproj", "{22E19B4D-9AC8-42AC-8E04-361A186D85C0}"
EndProject
Project("{FAE04EC0-301F-11D3-BF4B-00C04F79EFBC}") = "KasLab.FindPairs.Tests", "KasLab.FindPairs.Tests\KasLab.FindPairs.Tests.csproj", "{94AEB716-22D1-420F-96CB-184029414385}"
EndProject
Project("{FAE04EC0-301F-11D3-BF4B-00C04F79EFBC}") = "KasLab.FindPairs.Library", "KasLab.FindPairs.Library\KasLab.FindPairs.Library.csproj", "{16C30A74-53A7-483E-BC20-D45DCBAAF2B8}"
EndProject
Global
	GlobalSection(SolutionConfigurationPlatforms) = preSolution
		Debug|Any CPU = Debug|Any CPU
		Release|Any CPU = Release|Any CPU
	EndGlobalSection
	GlobalSection(ProjectConfigurationPlatforms) = postSolution
		{22E19B4D-9AC8-42AC-8E04-361A186D85C0}.Debug|Any CPU.ActiveCfg = Debug|Any CPU
		{22E19B4D-9AC8-42AC-8E04-361A186D85C0}.Debug|Any CPU.Build.0 = Debug|Any CPU
		{22E19B4D-9AC8-42AC-8E04-361A186D85C0}.Release|Any CPU.ActiveCfg = Release|Any CPU
		{22E19B4D-9AC8-42AC-8E04-361A186D85C0}.Release|Any CPU.Build.0 = Release|Any CPU
		{94AEB716-22D1-420F-96CB-184029414385}.Debug|Any CPU.ActiveCfg = Debug|Any CPU
		{94AEB716-22D1-420F-96CB-184029414385}.Debug|Any CPU.Build.0 = Debug|Any CPU
		{94AEB716-22D1-420F-96CB-184029414385}.Release|Any CPU.ActiveCfg = Release|Any CPU
		{94AEB716-22D1-420F-96CB-184029414385}.Release|Any CPU.Build.0 = Release|Any CPU
		{16C30A74-53A7-483E-BC20-D45DCBAAF2B8}.Debug|Any CPU.ActiveCfg = Debug|Any CPU
		{16C30A74-53A7-483E-BC20-D45DCBAAF2B8}.Debug|Any CPU.Build.0 = Debug|Any CPU
		{16C30A74-53A7-483E-BC20-D45DCBAAF2B8}.Release|Any CPU.ActiveCfg = Release|Any CPU
		{16C30A74-53A7-483E-BC20-D45DCBAAF2B8}.Release|Any CPU.Build.0 = Release|Any CPU
	EndGlobalSection
	GlobalSection(SolutionProperties) = preSolution
		HideSolutionNode = FALSE
	EndGlobalSection
EndGlobal
